
Microsoft Visual Studio Solution File, Format Version 12.00
# Visual Studio Version 17
VisualStudioVersion = 17.6.33829.357
MinimumVisualStudioVersion = 10.0.40219.1
Project("{FAE04EC0-301F-11D3-BF4B-00C04F79EFBC}") = "NowComesGtk", "NowComesGtk\NowComesGtk.csproj", "{668E8B35-5703-4693-91E6-D71A2C5A2C0E}"
EndProject
Global
	GlobalSection(SolutionConfigurationPlatforms) = preSolution
		Debug|Any CPU = Debug|Any CPU
		Release|Any CPU = Release|Any CPU
	EndGlobalSection
	GlobalSection(ProjectConfigurationPlatforms) = postSolution
		{668E8B35-5703-4693-91E6-D71A2C5A2C0E}.Debug|Any CPU.ActiveCfg = Debug|Any CPU
		{668E8B35-5703-4693-91E6-D71A2C5A2C0E}.Debug|Any CPU.Build.0 = Debug|Any CPU
		{668E8B35-5703-4693-91E6-D71A2C5A2C0E}.Release|Any CPU.ActiveCfg = Release|Any CPU
		{668E8B35-5703-4693-91E6-D71A2C5A2C0E}.Release|Any CPU.Build.0 = Release|Any CPU
	EndGlobalSection
	GlobalSection(SolutionProperties) = preSolution
		HideSolutionNode = FALSE
	EndGlobalSection
	GlobalSection(ExtensibilityGlobals) = postSolution
		SolutionGuid = {64DCE847-A983-440A-BF4B-A599D34E11C2}
	EndGlobalSection
EndGlobal
